
Microsoft Visual Studio Solution File, Format Version 12.00
# Visual Studio for Mac
Project("{FAE04EC0-301F-11D3-BF4B-00C04F79EFBC}") = "Assembly-CSharp", "Assembly-CSharp.csproj", "{7A1A882D-ADA0-FEE0-FC82-AADE40B0AAE6}"
EndProject
Project("{FAE04EC0-301F-11D3-BF4B-00C04F79EFBC}") = "Assembly-CSharp-Editor", "Assembly-CSharp-Editor.csproj", "{9C3653F7-5FFD-9A13-58F6-F3B97806F1DB}"
EndProject
Global
	GlobalSection(SolutionConfigurationPlatforms) = preSolution
		Debug|Any CPU = Debug|Any CPU
		Release|Any CPU = Release|Any CPU
	EndGlobalSection
	GlobalSection(ProjectConfigurationPlatforms) = postSolution
		{7A1A882D-ADA0-FEE0-FC82-AADE40B0AAE6}.Debug|Any CPU.ActiveCfg = Debug|Any CPU
		{7A1A882D-ADA0-FEE0-FC82-AADE40B0AAE6}.Debug|Any CPU.Build.0 = Debug|Any CPU
		{7A1A882D-ADA0-FEE0-FC82-AADE40B0AAE6}.Release|Any CPU.ActiveCfg = Release|Any CPU
		{7A1A882D-ADA0-FEE0-FC82-AADE40B0AAE6}.Release|Any CPU.Build.0 = Release|Any CPU
		{9C3653F7-5FFD-9A13-58F6-F3B97806F1DB}.Debug|Any CPU.ActiveCfg = Debug|Any CPU
		{9C3653F7-5FFD-9A13-58F6-F3B97806F1DB}.Debug|Any CPU.Build.0 = Debug|Any CPU
		{9C3653F7-5FFD-9A13-58F6-F3B97806F1DB}.Release|Any CPU.ActiveCfg = Release|Any CPU
		{9C3653F7-5FFD-9A13-58F6-F3B97806F1DB}.Release|Any CPU.Build.0 = Release|Any CPU
	EndGlobalSection
	GlobalSection(SolutionProperties) = preSolution
		HideSolutionNode = FALSE
	EndGlobalSection
EndGlobal
